
Microsoft Visual Studio Solution File, Format Version 12.00
# Visual Studio Version 17
VisualStudioVersion = 17.5.33516.290
MinimumVisualStudioVersion = 10.0.40219.1
Project("{FAE04EC0-301F-11D3-BF4B-00C04F79EFBC}") = "TpaoProject1", "TpaoProject1\TpaoProject1.csproj", "{02F802B0-F6B2-4871-9D8E-4D1A429F3522}"
EndProject
Global
	GlobalSection(SolutionConfigurationPlatforms) = preSolution
		Debug|Any CPU = Debug|Any CPU
		Release|Any CPU = Release|Any CPU
	EndGlobalSection
	GlobalSection(ProjectConfigurationPlatforms) = postSolution
		{02F802B0-F6B2-4871-9D8E-4D1A429F3522}.Debug|Any CPU.ActiveCfg = Debug|Any CPU
		{02F802B0-F6B2-4871-9D8E-4D1A429F3522}.Debug|Any CPU.Build.0 = Debug|Any CPU
		{02F802B0-F6B2-4871-9D8E-4D1A429F3522}.Release|Any CPU.ActiveCfg = Release|Any CPU
		{02F802B0-F6B2-4871-9D8E-4D1A429F3522}.Release|Any CPU.Build.0 = Release|Any CPU
	EndGlobalSection
	GlobalSection(SolutionProperties) = preSolution
		HideSolutionNode = FALSE
	EndGlobalSection
	GlobalSection(ExtensibilityGlobals) = postSolution
		SolutionGuid = {D4248E11-6629-41A7-9E86-2DE0716A576D}
	EndGlobalSection
EndGlobal
